// !$*UTF8*$!
{
	archiveVersion = 1;
	classes = {
	};
	objectVersion = 50;
	objects = {

/* Begin PBXBuildFile section */
		84E4A9952552FCA60036B616 /* AppDelegate.swift in Sources */ = {isa = PBXBuildFile; fileRef = 84E4A9942552FCA60036B616 /* AppDelegate.swift */; };
		84E4A9972552FCA60036B616 /* SceneDelegate.swift in Sources */ = {isa = PBXBuildFile; fileRef = 84E4A9962552FCA60036B616 /* SceneDelegate.swift */; };
		84E4A9992552FCA60036B616 /* MainVC.swift in Sources */ = {isa = PBXBuildFile; fileRef = 84E4A9982552FCA60036B616 /* MainVC.swift */; };
		84E4A99C2552FCA60036B616 /* Main.storyboard in Resources */ = {isa = PBXBuildFile; fileRef = 84E4A99A2552FCA60036B616 /* Main.storyboard */; };
		84E4A99E2552FCA80036B616 /* Assets.xcassets in Resources */ = {isa = PBXBuildFile; fileRef = 84E4A99D2552FCA80036B616 /* Assets.xcassets */; };
		84E4A9A12552FCA80036B616 /* LaunchScreen.storyboard in Resources */ = {isa = PBXBuildFile; fileRef = 84E4A99F2552FCA80036B616 /* LaunchScreen.storyboard */; };
		84E4A9AA2552FCB70036B616 /* AppCoordinator.swift in Sources */ = {isa = PBXBuildFile; fileRef = 84E4A9A92552FCB70036B616 /* AppCoordinator.swift */; };
		84E4A9B32552FFE60036B616 /* Instantiatable.swift in Sources */ = {isa = PBXBuildFile; fileRef = 84E4A9B22552FFE60036B616 /* Instantiatable.swift */; };
		84E4A9B7255302790036B616 /* First.storyboard in Resources */ = {isa = PBXBuildFile; fileRef = 84E4A9B6255302790036B616 /* First.storyboard */; };
		84E4A9BB255302990036B616 /* FirstVC.swift in Sources */ = {isa = PBXBuildFile; fileRef = 84E4A9B9255302990036B616 /* FirstVC.swift */; };
		84E5E5B52555A71C00621DFB /* Coordinator.swift in Sources */ = {isa = PBXBuildFile; fileRef = 84E5E5B42555A71C00621DFB /* Coordinator.swift */; };
		84E5E5BD2555A7C500621DFB /* FirstCoordinator.swift in Sources */ = {isa = PBXBuildFile; fileRef = 84E5E5BC2555A7C500621DFB /* FirstCoordinator.swift */; };
/* End PBXBuildFile section */

/* Begin PBXFileReference section */
		84E4A9912552FCA60036B616 /* LearningCoordinators.app */ = {isa = PBXFileReference; explicitFileType = wrapper.application; includeInIndex = 0; path = LearningCoordinators.app; sourceTree = BUILT_PRODUCTS_DIR; };
		84E4A9942552FCA60036B616 /* AppDelegate.swift */ = {isa = PBXFileReference; lastKnownFileType = sourcecode.swift; path = AppDelegate.swift; sourceTree = "<group>"; };
		84E4A9962552FCA60036B616 /* SceneDelegate.swift */ = {isa = PBXFileReference; lastKnownFileType = sourcecode.swift; path = SceneDelegate.swift; sourceTree = "<group>"; };
		84E4A9982552FCA60036B616 /* MainVC.swift */ = {isa = PBXFileReference; lastKnownFileType = sourcecode.swift; path = MainVC.swift; sourceTree = "<group>"; };
		84E4A99B2552FCA60036B616 /* Base */ = {isa = PBXFileReference; lastKnownFileType = file.storyboard; name = Base; path = Base.lproj/Main.storyboard; sourceTree = "<group>"; };
		84E4A99D2552FCA80036B616 /* Assets.xcassets */ = {isa = PBXFileReference; lastKnownFileType = folder.assetcatalog; path = Assets.xcassets; sourceTree = "<group>"; };
		84E4A9A02552FCA80036B616 /* Base */ = {isa = PBXFileReference; lastKnownFileType = file.storyboard; name = Base; path = Base.lproj/LaunchScreen.storyboard; sourceTree = "<group>"; };
		84E4A9A22552FCA80036B616 /* Info.plist */ = {isa = PBXFileReference; lastKnownFileType = text.plist.xml; path = Info.plist; sourceTree = "<group>"; };
		84E4A9A92552FCB70036B616 /* AppCoordinator.swift */ = {isa = PBXFileReference; lastKnownFileType = sourcecode.swift; path = AppCoordinator.swift; sourceTree = "<group>"; };
		84E4A9B22552FFE60036B616 /* Instantiatable.swift */ = {isa = PBXFileReference; lastKnownFileType = sourcecode.swift; path = Instantiatable.swift; sourceTree = "<group>"; };
		84E4A9B6255302790036B616 /* First.storyboard */ = {isa = PBXFileReference; lastKnownFileType = file.storyboard; path = First.storyboard; sourceTree = "<group>"; };
		84E4A9B9255302990036B616 /* FirstVC.swift */ = {isa = PBXFileReference; lastKnownFileType = sourcecode.swift; path = FirstVC.swift; sourceTree = "<group>"; };
		84E5E5B42555A71C00621DFB /* Coordinator.swift */ = {isa = PBXFileReference; lastKnownFileType = sourcecode.swift; path = Coordinator.swift; sourceTree = "<group>"; };
		84E5E5BC2555A7C500621DFB /* FirstCoordinator.swift */ = {isa = PBXFileReference; lastKnownFileType = sourcecode.swift; path = FirstCoordinator.swift; sourceTree = "<group>"; };
/* End PBXFileReference section */

/* Begin PBXFrameworksBuildPhase section */
		84E4A98E2552FCA60036B616 /* Frameworks */ = {
			isa = PBXFrameworksBuildPhase;
			buildActionMask = 2147483647;
			files = (
			);
			runOnlyForDeploymentPostprocessing = 0;
		};
/* End PBXFrameworksBuildPhase section */

/* Begin PBXGroup section */
		84E4A9882552FCA50036B616 = {
			isa = PBXGroup;
			children = (
				84E4A9932552FCA60036B616 /* LearningCoordinators */,
				84E4A9922552FCA60036B616 /* Products */,
			);
			sourceTree = "<group>";
		};
		84E4A9922552FCA60036B616 /* Products */ = {
			isa = PBXGroup;
			children = (
				84E4A9912552FCA60036B616 /* LearningCoordinators.app */,
			);
			name = Products;
			sourceTree = "<group>";
		};
		84E4A9932552FCA60036B616 /* LearningCoordinators */ = {
			isa = PBXGroup;
			children = (
				84E5E5C22555A7FA00621DFB /* Helpers */,
				84E5E5BF2555A7DA00621DFB /* Views */,
				84E5E5B32555A70C00621DFB /* Coordinators */,
				84E4A9942552FCA60036B616 /* AppDelegate.swift */,
				84E4A9962552FCA60036B616 /* SceneDelegate.swift */,
				84E4A99D2552FCA80036B616 /* Assets.xcassets */,
				84E4A99F2552FCA80036B616 /* LaunchScreen.storyboard */,
				84E4A9A22552FCA80036B616 /* Info.plist */,
			);
			path = LearningCoordinators;
			sourceTree = "<group>";
		};
		84E5E5B32555A70C00621DFB /* Coordinators */ = {
			isa = PBXGroup;
			children = (
				84E5E5B42555A71C00621DFB /* Coordinator.swift */,
				84E4A9A92552FCB70036B616 /* AppCoordinator.swift */,
				84E5E5BC2555A7C500621DFB /* FirstCoordinator.swift */,
			);
			path = Coordinators;
			sourceTree = "<group>";
		};
		84E5E5BF2555A7DA00621DFB /* Views */ = {
			isa = PBXGroup;
			children = (
				84E5E5C12555A7EB00621DFB /* First */,
				84E5E5C02555A7E100621DFB /* Main */,
			);
			path = Views;
			sourceTree = "<group>";
		};
		84E5E5C02555A7E100621DFB /* Main */ = {
			isa = PBXGroup;
			children = (
				84E4A9982552FCA60036B616 /* MainVC.swift */,
				84E4A99A2552FCA60036B616 /* Main.storyboard */,
			);
			path = Main;
			sourceTree = "<group>";
		};
		84E5E5C12555A7EB00621DFB /* First */ = {
			isa = PBXGroup;
			children = (
				84E4A9B6255302790036B616 /* First.storyboard */,
				84E4A9B9255302990036B616 /* FirstVC.swift */,
			);
			path = First;
			sourceTree = "<group>";
		};
		84E5E5C22555A7FA00621DFB /* Helpers */ = {
			isa = PBXGroup;
			children = (
				84E4A9B22552FFE60036B616 /* Instantiatable.swift */,
			);
			path = Helpers;
			sourceTree = "<group>";
		};
/* End PBXGroup section */

/* Begin PBXNativeTarget section */
		84E4A9902552FCA60036B616 /* LearningCoordinators */ = {
			isa = PBXNativeTarget;
			buildConfigurationList = 84E4A9A52552FCA90036B616 /* Build configuration list for PBXNativeTarget "LearningCoordinators" */;
			buildPhases = (
				84E4A98D2552FCA60036B616 /* Sources */,
				84E4A98E2552FCA60036B616 /* Frameworks */,
				84E4A98F2552FCA60036B616 /* Resources */,
			);
			buildRules = (
			);
			dependencies = (
			);
			name = LearningCoordinators;
			productName = LearningCoordinators;
			productReference = 84E4A9912552FCA60036B616 /* LearningCoordinators.app */;
			productType = "com.apple.product-type.application";
		};
/* End PBXNativeTarget section */

/* Begin PBXProject section */
		84E4A9892552FCA50036B616 /* Project object */ = {
			isa = PBXProject;
			attributes = {
				LastSwiftUpdateCheck = 1210;
				LastUpgradeCheck = 1210;
				TargetAttributes = {
					84E4A9902552FCA60036B616 = {
						CreatedOnToolsVersion = 12.1;
					};
				};
			};
			buildConfigurationList = 84E4A98C2552FCA50036B616 /* Build configuration list for PBXProject "LearningCoordinators" */;
			compatibilityVersion = "Xcode 9.3";
			developmentRegion = en;
			hasScannedForEncodings = 0;
			knownRegions = (
				en,
				Base,
			);
			mainGroup = 84E4A9882552FCA50036B616;
			productRefGroup = 84E4A9922552FCA60036B616 /* Products */;
			projectDirPath = "";
			projectRoot = "";
			targets = (
				84E4A9902552FCA60036B616 /* LearningCoordinators */,
			);
		};
/* End PBXProject section */

/* Begin PBXResourcesBuildPhase section */
		84E4A98F2552FCA60036B616 /* Resources */ = {
			isa = PBXResourcesBuildPhase;
			buildActionMask = 2147483647;
			files = (
				84E4A9A12552FCA80036B616 /* LaunchScreen.storyboard in Resources */,
				84E4A99E2552FCA80036B616 /* Assets.xcassets in Resources */,
				84E4A9B7255302790036B616 /* First.storyboard in Resources */,
				84E4A99C2552FCA60036B616 /* Main.storyboard in Resources */,
			);
			runOnlyForDeploymentPostprocessing = 0;
		};
/* End PBXResourcesBuildPhase section */

/* Begin PBXSourcesBuildPhase section */
		84E4A98D2552FCA60036B616 /* Sources */ = {
			isa = PBXSourcesBuildPhase;
			buildActionMask = 2147483647;
			files = (
				84E4A9AA2552FCB70036B616 /* AppCoordinator.swift in Sources */,
				84E4A9BB255302990036B616 /* FirstVC.swift in Sources */,
				84E4A9B32552FFE60036B616 /* Instantiatable.swift in Sources */,
				84E4A9992552FCA60036B616 /* MainVC.swift in Sources */,
				84E4A9952552FCA60036B616 /* AppDelegate.swift in Sources */,
				84E5E5BD2555A7C500621DFB /* FirstCoordinator.swift in Sources */,
				84E4A9972552FCA60036B616 /* SceneDelegate.swift in Sources */,
				84E5E5B52555A71C00621DFB /* Coordinator.swift in Sources */,
			);
			runOnlyForDeploymentPostprocessing = 0;
		};
/* End PBXSourcesBuildPhase section */

/* Begin PBXVariantGroup section */
		84E4A99A2552FCA60036B616 /* Main.storyboard */ = {
			isa = PBXVariantGroup;
			children = (
				84E4A99B2552FCA60036B616 /* Base */,
			);
			name = Main.storyboard;
			sourceTree = "<group>";
		};
		84E4A99F2552FCA80036B616 /* LaunchScreen.storyboard */ = {
			isa = PBXVariantGroup;
			children = (
				84E4A9A02552FCA80036B616 /* Base */,
			);
			name = LaunchScreen.storyboard;
			sourceTree = "<group>";
		};
/* End PBXVariantGroup section */

/* Begin XCBuildConfiguration section */
		84E4A9A32552FCA80036B616 /* Debug */ = {
			isa = XCBuildConfiguration;
			buildSettings = {
				ALWAYS_SEARCH_USER_PATHS = NO;
				CLANG_ANALYZER_NONNULL = YES;
				CLANG_ANALYZER_NUMBER_OBJECT_CONVERSION = YES_AGGRESSIVE;
				CLANG_CXX_LANGUAGE_STANDARD = "gnu++14";
				CLANG_CXX_LIBRARY = "libc++";
				CLANG_ENABLE_MODULES = YES;
				CLANG_ENABLE_OBJC_ARC = YES;
				CLANG_ENABLE_OBJC_WEAK = YES;
				CLANG_WARN_BLOCK_CAPTURE_AUTORELEASING = YES;
				CLANG_WARN_BOOL_CONVERSION = YES;
				CLANG_WARN_COMMA = YES;
				CLANG_WARN_CONSTANT_CONVERSION = YES;
				CLANG_WARN_DEPRECATED_OBJC_IMPLEMENTATIONS = YES;
				CLANG_WARN_DIRECT_OBJC_ISA_USAGE = YES_ERROR;
				CLANG_WARN_DOCUMENTATION_COMMENTS = YES;
				CLANG_WARN_EMPTY_BODY = YES;
				CLANG_WARN_ENUM_CONVERSION = YES;
				CLANG_WARN_INFINITE_RECURSION = YES;
				CLANG_WARN_INT_CONVERSION = YES;
				CLANG_WARN_NON_LITERAL_NULL_CONVERSION = YES;
				CLANG_WARN_OBJC_IMPLICIT_RETAIN_SELF = YES;
				CLANG_WARN_OBJC_LITERAL_CONVERSION = YES;
				CLANG_WARN_OBJC_ROOT_CLASS = YES_ERROR;
				CLANG_WARN_QUOTED_INCLUDE_IN_FRAMEWORK_HEADER = YES;
				CLANG_WARN_RANGE_LOOP_ANALYSIS = YES;
				CLANG_WARN_STRICT_PROTOTYPES = YES;
				CLANG_WARN_SUSPICIOUS_MOVE = YES;
				CLANG_WARN_UNGUARDED_AVAILABILITY = YES_AGGRESSIVE;
				CLANG_WARN_UNREACHABLE_CODE = YES;
				CLANG_WARN__DUPLICATE_METHOD_MATCH = YES;
				COPY_PHASE_STRIP = NO;
				DEBUG_INFORMATION_FORMAT = dwarf;
				ENABLE_STRICT_OBJC_MSGSEND = YES;
				ENABLE_TESTABILITY = YES;
				GCC_C_LANGUAGE_STANDARD = gnu11;
				GCC_DYNAMIC_NO_PIC = NO;
				GCC_NO_COMMON_BLOCKS = YES;
				GCC_OPTIMIZATION_LEVEL = 0;
				GCC_PREPROCESSOR_DEFINITIONS = (
					"DEBUG=1",
					"$(inherited)",
				);
				GCC_WARN_64_TO_32_BIT_CONVERSION = YES;
				GCC_WARN_ABOUT_RETURN_TYPE = YES_ERROR;
				GCC_WARN_UNDECLARED_SELECTOR = YES;
				GCC_WARN_UNINITIALIZED_AUTOS = YES_AGGRESSIVE;
				GCC_WARN_UNUSED_FUNCTION = YES;
				GCC_WARN_UNUSED_VARIABLE = YES;
				IPHONEOS_DEPLOYMENT_TARGET = 14.1;
				MTL_ENABLE_DEBUG_INFO = INCLUDE_SOURCE;
				MTL_FAST_MATH = YES;
				ONLY_ACTIVE_ARCH = YES;
				SDKROOT = iphoneos;
				SWIFT_ACTIVE_COMPILATION_CONDITIONS = DEBUG;
				SWIFT_OPTIMIZATION_LEVEL = "-Onone";
			};
			name = Debug;
		};
		84E4A9A42552FCA80036B616 /* Release */ = {
			isa = XCBuildConfiguration;
			buildSettings = {
				ALWAYS_SEARCH_USER_PATHS = NO;
				CLANG_ANALYZER_NONNULL = YES;
				CLANG_ANALYZER_NUMBER_OBJECT_CONVERSION = YES_AGGRESSIVE;
				CLANG_CXX_LANGUAGE_STANDARD = "gnu++14";
				CLANG_CXX_LIBRARY = "libc++";
				CLANG_ENABLE_MODULES = YES;
				CLANG_ENABLE_OBJC_ARC = YES;
				CLANG_ENABLE_OBJC_WEAK = YES;
				CLANG_WARN_BLOCK_CAPTURE_AUTORELEASING = YES;
				CLANG_WARN_BOOL_CONVERSION = YES;
				CLANG_WARN_COMMA = YES;
				CLANG_WARN_CONSTANT_CONVERSION = YES;
				CLANG_WARN_DEPRECATED_OBJC_IMPLEMENTATIONS = YES;
				CLANG_WARN_DIRECT_OBJC_ISA_USAGE = YES_ERROR;
				CLANG_WARN_DOCUMENTATION_COMMENTS = YES;
				CLANG_WARN_EMPTY_BODY = YES;
				CLANG_WARN_ENUM_CONVERSION = YES;
				CLANG_WARN_INFINITE_RECURSION = YES;
				CLANG_WARN_INT_CONVERSION = YES;
				CLANG_WARN_NON_LITERAL_NULL_CONVERSION = YES;
				CLANG_WARN_OBJC_IMPLICIT_RETAIN_SELF = YES;
				CLANG_WARN_OBJC_LITERAL_CONVERSION = YES;
				CLANG_WARN_OBJC_ROOT_CLASS = YES_ERROR;
				CLANG_WARN_QUOTED_INCLUDE_IN_FRAMEWORK_HEADER = YES;
				CLANG_WARN_RANGE_LOOP_ANALYSIS = YES;
				CLANG_WARN_STRICT_PROTOTYPES = YES;
				CLANG_WARN_SUSPICIOUS_MOVE = YES;
				CLANG_WARN_UNGUARDED_AVAILABILITY = YES_AGGRESSIVE;
				CLANG_WARN_UNREACHABLE_CODE = YES;
				CLANG_WARN__DUPLICATE_METHOD_MATCH = YES;
				COPY_PHASE_STRIP = NO;
				DEBUG_INFORMATION_FORMAT = "dwarf-with-dsym";
				ENABLE_NS_ASSERTIONS = NO;
				ENABLE_STRICT_OBJC_MSGSEND = YES;
				GCC_C_LANGUAGE_STANDARD = gnu11;
				GCC_NO_COMMON_BLOCKS = YES;
				GCC_WARN_64_TO_32_BIT_CONVERSION = YES;
				GCC_WARN_ABOUT_RETURN_TYPE = YES_ERROR;
				GCC_WARN_UNDECLARED_SELECTOR = YES;
				GCC_WARN_UNINITIALIZED_AUTOS = YES_AGGRESSIVE;
				GCC_WARN_UNUSED_FUNCTION = YES;
				GCC_WARN_UNUSED_VARIABLE = YES;
				IPHONEOS_DEPLOYMENT_TARGET = 14.1;
				MTL_ENABLE_DEBUG_INFO = NO;
				MTL_FAST_MATH = YES;
				SDKROOT = iphoneos;
				SWIFT_COMPILATION_MODE = wholemodule;
				SWIFT_OPTIMIZATION_LEVEL = "-O";
				VALIDATE_PRODUCT = YES;
			};
			name = Release;
		};
		84E4A9A62552FCA90036B616 /* Debug */ = {
			isa = XCBuildConfiguration;
			buildSettings = {
				ASSETCATALOG_COMPILER_APPICON_NAME = AppIcon;
				ASSETCATALOG_COMPILER_GLOBAL_ACCENT_COLOR_NAME = AccentColor;
				CODE_SIGN_STYLE = Automatic;
				DEVELOPMENT_TEAM = 33Z5DSA98E;
				INFOPLIST_FILE = LearningCoordinators/Info.plist;
				LD_RUNPATH_SEARCH_PATHS = (
					"$(inherited)",
					"@executable_path/Frameworks",
				);
				PRODUCT_BUNDLE_IDENTIFIER = FeedMyTummy.LearningCoordinators;
				PRODUCT_NAME = "$(TARGET_NAME)";
				SWIFT_VERSION = 5.0;
				TARGETED_DEVICE_FAMILY = "1,2";
			};
			name = Debug;
		};
		84E4A9A72552FCA90036B616 /* Release */ = {
			isa = XCBuildConfiguration;
			buildSettings = {
				ASSETCATALOG_COMPILER_APPICON_NAME = AppIcon;
				ASSETCATALOG_COMPILER_GLOBAL_ACCENT_COLOR_NAME = AccentColor;
				CODE_SIGN_STYLE = Automatic;
				DEVELOPMENT_TEAM = 33Z5DSA98E;
				INFOPLIST_FILE = LearningCoordinators/Info.plist;
				LD_RUNPATH_SEARCH_PATHS = (
					"$(inherited)",
					"@executable_path/Frameworks",
				);
				PRODUCT_BUNDLE_IDENTIFIER = FeedMyTummy.LearningCoordinators;
				PRODUCT_NAME = "$(TARGET_NAME)";
				SWIFT_VERSION = 5.0;
				TARGETED_DEVICE_FAMILY = "1,2";
			};
			name = Release;
		};
/* End XCBuildConfiguration section */

/* Begin XCConfigurationList section */
		84E4A98C2552FCA50036B616 /* Build configuration list for PBXProject "LearningCoordinators" */ = {
			isa = XCConfigurationList;
			buildConfigurations = (
				84E4A9A32552FCA80036B616 /* Debug */,
				84E4A9A42552FCA80036B616 /* Release */,
			);
			defaultConfigurationIsVisible = 0;
			defaultConfigurationName = Release;
		};
		84E4A9A52552FCA90036B616 /* Build configuration list for PBXNativeTarget "LearningCoordinators" */ = {
			isa = XCConfigurationList;
			buildConfigurations = (
				84E4A9A62552FCA90036B616 /* Debug */,
				84E4A9A72552FCA90036B616 /* Release */,
			);
			defaultConfigurationIsVisible = 0;
			defaultConfigurationName = Release;
		};
/* End XCConfigurationList section */
	};
	rootObject = 84E4A9892552FCA50036B616 /* Project object */;
}
